// !$*UTF8*$!
{
	archiveVersion = 1;
	classes = {
	};
	objectVersion = 56;
	objects = {

/* Begin PBXBuildFile section */
		2480A201297B40DD0004D74B /* JogodeBozoApp.swift in Sources */ = {isa = PBXBuildFile; fileRef = 2480A200297B40DD0004D74B /* JogodeBozoApp.swift */; };
		2480A205297B40DE0004D74B /* Assets.xcassets in Resources */ = {isa = PBXBuildFile; fileRef = 2480A204297B40DE0004D74B /* Assets.xcassets */; };
		2480A208297B40DE0004D74B /* Preview Assets.xcassets in Resources */ = {isa = PBXBuildFile; fileRef = 2480A207297B40DE0004D74B /* Preview Assets.xcassets */; };
		2480A213297B42A90004D74B /* Dice.swift in Sources */ = {isa = PBXBuildFile; fileRef = 2480A212297B42A90004D74B /* Dice.swift */; };
		2480A215297B43B70004D74B /* ButtonLabel.swift in Sources */ = {isa = PBXBuildFile; fileRef = 2480A214297B43B70004D74B /* ButtonLabel.swift */; };
		2480A217297B456F0004D74B /* HistoryView.swift in Sources */ = {isa = PBXBuildFile; fileRef = 2480A216297B456F0004D74B /* HistoryView.swift */; };
		2480A219297B45BB0004D74B /* BoardView.swift in Sources */ = {isa = PBXBuildFile; fileRef = 2480A218297B45BB0004D74B /* BoardView.swift */; };
		2480A21B297B45FA0004D74B /* RulesView.swift in Sources */ = {isa = PBXBuildFile; fileRef = 2480A21A297B45FA0004D74B /* RulesView.swift */; };
		2480A21D297B4D350004D74B /* HomeView.swift in Sources */ = {isa = PBXBuildFile; fileRef = 2480A21C297B4D350004D74B /* HomeView.swift */; };
		2480A21F297B4FEC0004D74B /* ScoreView.swift in Sources */ = {isa = PBXBuildFile; fileRef = 2480A21E297B4FEC0004D74B /* ScoreView.swift */; };
		2480A221297B501C0004D74B /* ScoreGrid.swift in Sources */ = {isa = PBXBuildFile; fileRef = 2480A220297B501C0004D74B /* ScoreGrid.swift */; };
		2480A223297B52330004D74B /* ThinButtonLabel.swift in Sources */ = {isa = PBXBuildFile; fileRef = 2480A222297B52320004D74B /* ThinButtonLabel.swift */; };
		2480A225297B53690004D74B /* ScoreDices.swift in Sources */ = {isa = PBXBuildFile; fileRef = 2480A224297B53690004D74B /* ScoreDices.swift */; };
		2480A227297B56C50004D74B /* Embaixo.swift in Sources */ = {isa = PBXBuildFile; fileRef = 2480A226297B56C50004D74B /* Embaixo.swift */; };
/* End PBXBuildFile section */

/* Begin PBXFileReference section */
		2480A1FD297B40DD0004D74B /* JogodeBozo.app */ = {isa = PBXFileReference; explicitFileType = wrapper.application; includeInIndex = 0; path = JogodeBozo.app; sourceTree = BUILT_PRODUCTS_DIR; };
		2480A200297B40DD0004D74B /* JogodeBozoApp.swift */ = {isa = PBXFileReference; lastKnownFileType = sourcecode.swift; path = JogodeBozoApp.swift; sourceTree = "<group>"; };
		2480A204297B40DE0004D74B /* Assets.xcassets */ = {isa = PBXFileReference; lastKnownFileType = folder.assetcatalog; path = Assets.xcassets; sourceTree = "<group>"; };
		2480A207297B40DE0004D74B /* Preview Assets.xcassets */ = {isa = PBXFileReference; lastKnownFileType = folder.assetcatalog; path = "Preview Assets.xcassets"; sourceTree = "<group>"; };
		2480A212297B42A90004D74B /* Dice.swift */ = {isa = PBXFileReference; lastKnownFileType = sourcecode.swift; path = Dice.swift; sourceTree = "<group>"; };
		2480A214297B43B70004D74B /* ButtonLabel.swift */ = {isa = PBXFileReference; lastKnownFileType = sourcecode.swift; path = ButtonLabel.swift; sourceTree = "<group>"; };
		2480A216297B456F0004D74B /* HistoryView.swift */ = {isa = PBXFileReference; lastKnownFileType = sourcecode.swift; path = HistoryView.swift; sourceTree = "<group>"; };
		2480A218297B45BB0004D74B /* BoardView.swift */ = {isa = PBXFileReference; lastKnownFileType = sourcecode.swift; path = BoardView.swift; sourceTree = "<group>"; };
		2480A21A297B45FA0004D74B /* RulesView.swift */ = {isa = PBXFileReference; lastKnownFileType = sourcecode.swift; path = RulesView.swift; sourceTree = "<group>"; };
		2480A21C297B4D350004D74B /* HomeView.swift */ = {isa = PBXFileReference; lastKnownFileType = sourcecode.swift; path = HomeView.swift; sourceTree = "<group>"; };
		2480A21E297B4FEC0004D74B /* ScoreView.swift */ = {isa = PBXFileReference; lastKnownFileType = sourcecode.swift; path = ScoreView.swift; sourceTree = "<group>"; };
		2480A220297B501C0004D74B /* ScoreGrid.swift */ = {isa = PBXFileReference; lastKnownFileType = sourcecode.swift; path = ScoreGrid.swift; sourceTree = "<group>"; };
		2480A222297B52320004D74B /* ThinButtonLabel.swift */ = {isa = PBXFileReference; lastKnownFileType = sourcecode.swift; path = ThinButtonLabel.swift; sourceTree = "<group>"; };
		2480A224297B53690004D74B /* ScoreDices.swift */ = {isa = PBXFileReference; lastKnownFileType = sourcecode.swift; path = ScoreDices.swift; sourceTree = "<group>"; };
		2480A226297B56C50004D74B /* Embaixo.swift */ = {isa = PBXFileReference; lastKnownFileType = sourcecode.swift; path = Embaixo.swift; sourceTree = "<group>"; };
/* End PBXFileReference section */

/* Begin PBXFrameworksBuildPhase section */
		2480A1FA297B40DD0004D74B /* Frameworks */ = {
			isa = PBXFrameworksBuildPhase;
			buildActionMask = 2147483647;
			files = (
			);
			runOnlyForDeploymentPostprocessing = 0;
		};
/* End PBXFrameworksBuildPhase section */

/* Begin PBXGroup section */
		2480A1F4297B40DD0004D74B = {
			isa = PBXGroup;
			children = (
				2480A1FF297B40DD0004D74B /* JogodeBozo */,
				2480A1FE297B40DD0004D74B /* Products */,
			);
			sourceTree = "<group>";
		};
		2480A1FE297B40DD0004D74B /* Products */ = {
			isa = PBXGroup;
			children = (
				2480A1FD297B40DD0004D74B /* JogodeBozo.app */,
			);
			name = Products;
			sourceTree = "<group>";
		};
		2480A1FF297B40DD0004D74B /* JogodeBozo */ = {
			isa = PBXGroup;
			children = (
				2480A20F297B40F90004D74B /* Model */,
				2480A20E297B40ED0004D74B /* Views */,
				2480A210297B41030004D74B /* View-Model */,
				2480A200297B40DD0004D74B /* JogodeBozoApp.swift */,
				2480A204297B40DE0004D74B /* Assets.xcassets */,
				2480A206297B40DE0004D74B /* Preview Content */,
			);
			path = JogodeBozo;
			sourceTree = "<group>";
		};
		2480A206297B40DE0004D74B /* Preview Content */ = {
			isa = PBXGroup;
			children = (
				2480A207297B40DE0004D74B /* Preview Assets.xcassets */,
			);
			path = "Preview Content";
			sourceTree = "<group>";
		};
		2480A20E297B40ED0004D74B /* Views */ = {
			isa = PBXGroup;
			children = (
				2480A21C297B4D350004D74B /* HomeView.swift */,
				2480A218297B45BB0004D74B /* BoardView.swift */,
				2480A21E297B4FEC0004D74B /* ScoreView.swift */,
				2480A21A297B45FA0004D74B /* RulesView.swift */,
				2480A216297B456F0004D74B /* HistoryView.swift */,
				2480A211297B412C0004D74B /* Components */,
			);
			path = Views;
			sourceTree = "<group>";
		};
		2480A20F297B40F90004D74B /* Model */ = {
			isa = PBXGroup;
			children = (
				2480A212297B42A90004D74B /* Dice.swift */,
			);
			path = Model;
			sourceTree = "<group>";
		};
		2480A210297B41030004D74B /* View-Model */ = {
			isa = PBXGroup;
			children = (
			);
			path = "View-Model";
			sourceTree = "<group>";
		};
		2480A211297B412C0004D74B /* Components */ = {
			isa = PBXGroup;
			children = (
				2480A214297B43B70004D74B /* ButtonLabel.swift */,
				2480A220297B501C0004D74B /* ScoreGrid.swift */,
				2480A222297B52320004D74B /* ThinButtonLabel.swift */,
				2480A224297B53690004D74B /* ScoreDices.swift */,
				2480A226297B56C50004D74B /* Embaixo.swift */,
			);
			path = Components;
			sourceTree = "<group>";
		};
/* End PBXGroup section */

/* Begin PBXNativeTarget section */
		2480A1FC297B40DD0004D74B /* JogodeBozo */ = {
			isa = PBXNativeTarget;
			buildConfigurationList = 2480A20B297B40DE0004D74B /* Build configuration list for PBXNativeTarget "JogodeBozo" */;
			buildPhases = (
				2480A1F9297B40DD0004D74B /* Sources */,
				2480A1FA297B40DD0004D74B /* Frameworks */,
				2480A1FB297B40DD0004D74B /* Resources */,
			);
			buildRules = (
			);
			dependencies = (
			);
			name = JogodeBozo;
			productName = JogodeBozo;
			productReference = 2480A1FD297B40DD0004D74B /* JogodeBozo.app */;
			productType = "com.apple.product-type.application";
		};
/* End PBXNativeTarget section */

/* Begin PBXProject section */
		2480A1F5297B40DD0004D74B /* Project object */ = {
			isa = PBXProject;
			attributes = {
				BuildIndependentTargetsInParallel = 1;
				LastSwiftUpdateCheck = 1420;
				LastUpgradeCheck = 1420;
				TargetAttributes = {
					2480A1FC297B40DD0004D74B = {
						CreatedOnToolsVersion = 14.2;
					};
				};
			};
			buildConfigurationList = 2480A1F8297B40DD0004D74B /* Build configuration list for PBXProject "JogodeBozo" */;
			compatibilityVersion = "Xcode 14.0";
			developmentRegion = en;
			hasScannedForEncodings = 0;
			knownRegions = (
				en,
				Base,
			);
			mainGroup = 2480A1F4297B40DD0004D74B;
			productRefGroup = 2480A1FE297B40DD0004D74B /* Products */;
			projectDirPath = "";
			projectRoot = "";
			targets = (
				2480A1FC297B40DD0004D74B /* JogodeBozo */,
			);
		};
/* End PBXProject section */

/* Begin PBXResourcesBuildPhase section */
		2480A1FB297B40DD0004D74B /* Resources */ = {
			isa = PBXResourcesBuildPhase;
			buildActionMask = 2147483647;
			files = (
				2480A208297B40DE0004D74B /* Preview Assets.xcassets in Resources */,
				2480A205297B40DE0004D74B /* Assets.xcassets in Resources */,
			);
			runOnlyForDeploymentPostprocessing = 0;
		};
/* End PBXResourcesBuildPhase section */

/* Begin PBXSourcesBuildPhase section */
		2480A1F9297B40DD0004D74B /* Sources */ = {
			isa = PBXSourcesBuildPhase;
			buildActionMask = 2147483647;
			files = (
				2480A21B297B45FA0004D74B /* RulesView.swift in Sources */,
				2480A21F297B4FEC0004D74B /* ScoreView.swift in Sources */,
				2480A221297B501C0004D74B /* ScoreGrid.swift in Sources */,
				2480A215297B43B70004D74B /* ButtonLabel.swift in Sources */,
				2480A217297B456F0004D74B /* HistoryView.swift in Sources */,
				2480A219297B45BB0004D74B /* BoardView.swift in Sources */,
				2480A21D297B4D350004D74B /* HomeView.swift in Sources */,
				2480A213297B42A90004D74B /* Dice.swift in Sources */,
				2480A201297B40DD0004D74B /* JogodeBozoApp.swift in Sources */,
				2480A227297B56C50004D74B /* Embaixo.swift in Sources */,
				2480A223297B52330004D74B /* ThinButtonLabel.swift in Sources */,
				2480A225297B53690004D74B /* ScoreDices.swift in Sources */,
			);
			runOnlyForDeploymentPostprocessing = 0;
		};
/* End PBXSourcesBuildPhase section */

/* Begin XCBuildConfiguration section */
		2480A209297B40DE0004D74B /* Debug */ = {
			isa = XCBuildConfiguration;
			buildSettings = {
				ALWAYS_SEARCH_USER_PATHS = NO;
				CLANG_ANALYZER_NONNULL = YES;
				CLANG_ANALYZER_NUMBER_OBJECT_CONVERSION = YES_AGGRESSIVE;
				CLANG_CXX_LANGUAGE_STANDARD = "gnu++20";
				CLANG_ENABLE_MODULES = YES;
				CLANG_ENABLE_OBJC_ARC = YES;
				CLANG_ENABLE_OBJC_WEAK = YES;
				CLANG_WARN_BLOCK_CAPTURE_AUTORELEASING = YES;
				CLANG_WARN_BOOL_CONVERSION = YES;
				CLANG_WARN_COMMA = YES;
				CLANG_WARN_CONSTANT_CONVERSION = YES;
				CLANG_WARN_DEPRECATED_OBJC_IMPLEMENTATIONS = YES;
				CLANG_WARN_DIRECT_OBJC_ISA_USAGE = YES_ERROR;
				CLANG_WARN_DOCUMENTATION_COMMENTS = YES;
				CLANG_WARN_EMPTY_BODY = YES;
				CLANG_WARN_ENUM_CONVERSION = YES;
				CLANG_WARN_INFINITE_RECURSION = YES;
				CLANG_WARN_INT_CONVERSION = YES;
				CLANG_WARN_NON_LITERAL_NULL_CONVERSION = YES;
				CLANG_WARN_OBJC_IMPLICIT_RETAIN_SELF = YES;
				CLANG_WARN_OBJC_LITERAL_CONVERSION = YES;
				CLANG_WARN_OBJC_ROOT_CLASS = YES_ERROR;
				CLANG_WARN_QUOTED_INCLUDE_IN_FRAMEWORK_HEADER = YES;
				CLANG_WARN_RANGE_LOOP_ANALYSIS = YES;
				CLANG_WARN_STRICT_PROTOTYPES = YES;
				CLANG_WARN_SUSPICIOUS_MOVE = YES;
				CLANG_WARN_UNGUARDED_AVAILABILITY = YES_AGGRESSIVE;
				CLANG_WARN_UNREACHABLE_CODE = YES;
				CLANG_WARN__DUPLICATE_METHOD_MATCH = YES;
				COPY_PHASE_STRIP = NO;
				DEBUG_INFORMATION_FORMAT = dwarf;
				ENABLE_STRICT_OBJC_MSGSEND = YES;
				ENABLE_TESTABILITY = YES;
				GCC_C_LANGUAGE_STANDARD = gnu11;
				GCC_DYNAMIC_NO_PIC = NO;
				GCC_NO_COMMON_BLOCKS = YES;
				GCC_OPTIMIZATION_LEVEL = 0;
				GCC_PREPROCESSOR_DEFINITIONS = (
					"DEBUG=1",
					"$(inherited)",
				);
				GCC_WARN_64_TO_32_BIT_CONVERSION = YES;
				GCC_WARN_ABOUT_RETURN_TYPE = YES_ERROR;
				GCC_WARN_UNDECLARED_SELECTOR = YES;
				GCC_WARN_UNINITIALIZED_AUTOS = YES_AGGRESSIVE;
				GCC_WARN_UNUSED_FUNCTION = YES;
				GCC_WARN_UNUSED_VARIABLE = YES;
				IPHONEOS_DEPLOYMENT_TARGET = 16.2;
				MTL_ENABLE_DEBUG_INFO = INCLUDE_SOURCE;
				MTL_FAST_MATH = YES;
				ONLY_ACTIVE_ARCH = YES;
				SDKROOT = iphoneos;
				SWIFT_ACTIVE_COMPILATION_CONDITIONS = DEBUG;
				SWIFT_OPTIMIZATION_LEVEL = "-Onone";
			};
			name = Debug;
		};
		2480A20A297B40DE0004D74B /* Release */ = {
			isa = XCBuildConfiguration;
			buildSettings = {
				ALWAYS_SEARCH_USER_PATHS = NO;
				CLANG_ANALYZER_NONNULL = YES;
				CLANG_ANALYZER_NUMBER_OBJECT_CONVERSION = YES_AGGRESSIVE;
				CLANG_CXX_LANGUAGE_STANDARD = "gnu++20";
				CLANG_ENABLE_MODULES = YES;
				CLANG_ENABLE_OBJC_ARC = YES;
				CLANG_ENABLE_OBJC_WEAK = YES;
				CLANG_WARN_BLOCK_CAPTURE_AUTORELEASING = YES;
				CLANG_WARN_BOOL_CONVERSION = YES;
				CLANG_WARN_COMMA = YES;
				CLANG_WARN_CONSTANT_CONVERSION = YES;
				CLANG_WARN_DEPRECATED_OBJC_IMPLEMENTATIONS = YES;
				CLANG_WARN_DIRECT_OBJC_ISA_USAGE = YES_ERROR;
				CLANG_WARN_DOCUMENTATION_COMMENTS = YES;
				CLANG_WARN_EMPTY_BODY = YES;
				CLANG_WARN_ENUM_CONVERSION = YES;
				CLANG_WARN_INFINITE_RECURSION = YES;
				CLANG_WARN_INT_CONVERSION = YES;
				CLANG_WARN_NON_LITERAL_NULL_CONVERSION = YES;
				CLANG_WARN_OBJC_IMPLICIT_RETAIN_SELF = YES;
				CLANG_WARN_OBJC_LITERAL_CONVERSION = YES;
				CLANG_WARN_OBJC_ROOT_CLASS = YES_ERROR;
				CLANG_WARN_QUOTED_INCLUDE_IN_FRAMEWORK_HEADER = YES;
				CLANG_WARN_RANGE_LOOP_ANALYSIS = YES;
				CLANG_WARN_STRICT_PROTOTYPES = YES;
				CLANG_WARN_SUSPICIOUS_MOVE = YES;
				CLANG_WARN_UNGUARDED_AVAILABILITY = YES_AGGRESSIVE;
				CLANG_WARN_UNREACHABLE_CODE = YES;
				CLANG_WARN__DUPLICATE_METHOD_MATCH = YES;
				COPY_PHASE_STRIP = NO;
				DEBUG_INFORMATION_FORMAT = "dwarf-with-dsym";
				ENABLE_NS_ASSERTIONS = NO;
				ENABLE_STRICT_OBJC_MSGSEND = YES;
				GCC_C_LANGUAGE_STANDARD = gnu11;
				GCC_NO_COMMON_BLOCKS = YES;
				GCC_WARN_64_TO_32_BIT_CONVERSION = YES;
				GCC_WARN_ABOUT_RETURN_TYPE = YES_ERROR;
				GCC_WARN_UNDECLARED_SELECTOR = YES;
				GCC_WARN_UNINITIALIZED_AUTOS = YES_AGGRESSIVE;
				GCC_WARN_UNUSED_FUNCTION = YES;
				GCC_WARN_UNUSED_VARIABLE = YES;
				IPHONEOS_DEPLOYMENT_TARGET = 16.2;
				MTL_ENABLE_DEBUG_INFO = NO;
				MTL_FAST_MATH = YES;
				SDKROOT = iphoneos;
				SWIFT_COMPILATION_MODE = wholemodule;
				SWIFT_OPTIMIZATION_LEVEL = "-O";
				VALIDATE_PRODUCT = YES;
			};
			name = Release;
		};
		2480A20C297B40DE0004D74B /* Debug */ = {
			isa = XCBuildConfiguration;
			buildSettings = {
				ASSETCATALOG_COMPILER_APPICON_NAME = AppIcon;
				ASSETCATALOG_COMPILER_GLOBAL_ACCENT_COLOR_NAME = AccentColor;
				CODE_SIGN_STYLE = Automatic;
				CURRENT_PROJECT_VERSION = 1;
				DEVELOPMENT_ASSET_PATHS = "\"JogodeBozo/Preview Content\"";
				DEVELOPMENT_TEAM = L5MEY32333;
				ENABLE_PREVIEWS = YES;
				GENERATE_INFOPLIST_FILE = YES;
				INFOPLIST_KEY_UIApplicationSceneManifest_Generation = YES;
				INFOPLIST_KEY_UIApplicationSupportsIndirectInputEvents = YES;
				INFOPLIST_KEY_UILaunchScreen_Generation = YES;
				INFOPLIST_KEY_UISupportedInterfaceOrientations_iPad = "UIInterfaceOrientationPortrait UIInterfaceOrientationPortraitUpsideDown UIInterfaceOrientationLandscapeLeft UIInterfaceOrientationLandscapeRight";
				INFOPLIST_KEY_UISupportedInterfaceOrientations_iPhone = "UIInterfaceOrientationPortrait UIInterfaceOrientationLandscapeLeft UIInterfaceOrientationLandscapeRight";
				LD_RUNPATH_SEARCH_PATHS = (
					"$(inherited)",
					"@executable_path/Frameworks",
				);
				MARKETING_VERSION = 1.0;
				PRODUCT_BUNDLE_IDENTIFIER = fraga.renato.JogodeBozo;
				PRODUCT_NAME = "$(TARGET_NAME)";
				SWIFT_EMIT_LOC_STRINGS = YES;
				SWIFT_VERSION = 5.0;
				TARGETED_DEVICE_FAMILY = "1,2";
			};
			name = Debug;
		};
		2480A20D297B40DE0004D74B /* Release */ = {
			isa = XCBuildConfiguration;
			buildSettings = {
				ASSETCATALOG_COMPILER_APPICON_NAME = AppIcon;
				ASSETCATALOG_COMPILER_GLOBAL_ACCENT_COLOR_NAME = AccentColor;
				CODE_SIGN_STYLE = Automatic;
				CURRENT_PROJECT_VERSION = 1;
				DEVELOPMENT_ASSET_PATHS = "\"JogodeBozo/Preview Content\"";
				DEVELOPMENT_TEAM = L5MEY32333;
				ENABLE_PREVIEWS = YES;
				GENERATE_INFOPLIST_FILE = YES;
				INFOPLIST_KEY_UIApplicationSceneManifest_Generation = YES;
				INFOPLIST_KEY_UIApplicationSupportsIndirectInputEvents = YES;
				INFOPLIST_KEY_UILaunchScreen_Generation = YES;
				INFOPLIST_KEY_UISupportedInterfaceOrientations_iPad = "UIInterfaceOrientationPortrait UIInterfaceOrientationPortraitUpsideDown UIInterfaceOrientationLandscapeLeft UIInterfaceOrientationLandscapeRight";
				INFOPLIST_KEY_UISupportedInterfaceOrientations_iPhone = "UIInterfaceOrientationPortrait UIInterfaceOrientationLandscapeLeft UIInterfaceOrientationLandscapeRight";
				LD_RUNPATH_SEARCH_PATHS = (
					"$(inherited)",
					"@executable_path/Frameworks",
				);
				MARKETING_VERSION = 1.0;
				PRODUCT_BUNDLE_IDENTIFIER = fraga.renato.JogodeBozo;
				PRODUCT_NAME = "$(TARGET_NAME)";
				SWIFT_EMIT_LOC_STRINGS = YES;
				SWIFT_VERSION = 5.0;
				TARGETED_DEVICE_FAMILY = "1,2";
			};
			name = Release;
		};
/* End XCBuildConfiguration section */

/* Begin XCConfigurationList section */
		2480A1F8297B40DD0004D74B /* Build configuration list for PBXProject "JogodeBozo" */ = {
			isa = XCConfigurationList;
			buildConfigurations = (
				2480A209297B40DE0004D74B /* Debug */,
				2480A20A297B40DE0004D74B /* Release */,
			);
			defaultConfigurationIsVisible = 0;
			defaultConfigurationName = Release;
		};
		2480A20B297B40DE0004D74B /* Build configuration list for PBXNativeTarget "JogodeBozo" */ = {
			isa = XCConfigurationList;
			buildConfigurations = (
				2480A20C297B40DE0004D74B /* Debug */,
				2480A20D297B40DE0004D74B /* Release */,
			);
			defaultConfigurationIsVisible = 0;
			defaultConfigurationName = Release;
		};
/* End XCConfigurationList section */
	};
	rootObject = 2480A1F5297B40DD0004D74B /* Project object */;
}
